
Microsoft Visual Studio Solution File, Format Version 12.00
# Visual Studio 15
VisualStudioVersion = 15.0.28307.1684
MinimumVisualStudioVersion = 10.0.40219.1
Project("{2150E333-8FDC-42A3-9474-1A3956D46DE8}") = "Solution Items", "Solution Items", "{0C2B9355-0F05-4B36-A701-C0594A2B8EF6}"
	ProjectSection(SolutionItems) = preProject
		.gitignore = .gitignore
	EndProjectSection
EndProject
Project("{FAE04EC0-301F-11D3-BF4B-00C04F79EFBC}") = "StoreFrontProject.UI.MVC", "StoreFrontProject.UI.MVC\StoreFrontProject.UI.MVC.csproj", "{12894891-0020-4351-A70A-2F4CDB65AF39}"
EndProject
Project("{FAE04EC0-301F-11D3-BF4B-00C04F79EFBC}") = "StoreFrontProject.DATA.EF", "StoreFrontProject.Data.EF\StoreFrontProject.DATA.EF.csproj", "{BFD259BE-ED29-4CC6-A92A-7350A2386A1A}"
EndProject
Global
	GlobalSection(SolutionConfigurationPlatforms) = preSolution
		Debug|Any CPU = Debug|Any CPU
		Release|Any CPU = Release|Any CPU
	EndGlobalSection
	GlobalSection(ProjectConfigurationPlatforms) = postSolution
		{12894891-0020-4351-A70A-2F4CDB65AF39}.Debug|Any CPU.ActiveCfg = Debug|Any CPU
		{12894891-0020-4351-A70A-2F4CDB65AF39}.Debug|Any CPU.Build.0 = Debug|Any CPU
		{12894891-0020-4351-A70A-2F4CDB65AF39}.Release|Any CPU.ActiveCfg = Release|Any CPU
		{12894891-0020-4351-A70A-2F4CDB65AF39}.Release|Any CPU.Build.0 = Release|Any CPU
		{BFD259BE-ED29-4CC6-A92A-7350A2386A1A}.Debug|Any CPU.ActiveCfg = Debug|Any CPU
		{BFD259BE-ED29-4CC6-A92A-7350A2386A1A}.Debug|Any CPU.Build.0 = Debug|Any CPU
		{BFD259BE-ED29-4CC6-A92A-7350A2386A1A}.Release|Any CPU.ActiveCfg = Release|Any CPU
		{BFD259BE-ED29-4CC6-A92A-7350A2386A1A}.Release|Any CPU.Build.0 = Release|Any CPU
	EndGlobalSection
	GlobalSection(SolutionProperties) = preSolution
		HideSolutionNode = FALSE
	EndGlobalSection
	GlobalSection(ExtensibilityGlobals) = postSolution
		SolutionGuid = {88E573B0-25EC-4D46-B58B-04F47E593CD8}
	EndGlobalSection
EndGlobal
